
Microsoft Visual Studio Solution File, Format Version 12.00
# Visual Studio 15
VisualStudioVersion = 15.0.27004.2009
MinimumVisualStudioVersion = 10.0.40219.1
Project("{FAE04EC0-301F-11D3-BF4B-00C04F79EFBC}") = "NTier.Core", "NTier.Core\NTier.Core.csproj", "{AA4100C6-0078-48C5-B49B-1A44E1EF2AC7}"
EndProject
Project("{FAE04EC0-301F-11D3-BF4B-00C04F79EFBC}") = "NTier.Model", "NTier.Model\NTier.Model.csproj", "{4D46B283-1D35-4C87-B66E-5B7F70261213}"
EndProject
Project("{FAE04EC0-301F-11D3-BF4B-00C04F79EFBC}") = "NTier.Service", "NTier.Service\NTier.Service.csproj", "{FBCFFCA2-A4F2-42A4-8F28-A81CC6A9FA2A}"
EndProject
Project("{FAE04EC0-301F-11D3-BF4B-00C04F79EFBC}") = "NTierRentACar.UI", "NTierRentACar.UI\NTierRentACar.UI.csproj", "{9DF96BAC-7A82-4DD0-A3EF-A97A66542617}"
EndProject
Project("{FAE04EC0-301F-11D3-BF4B-00C04F79EFBC}") = "NTier.AuthService", "NTier.AuthService\NTier.AuthService.csproj", "{EC677D91-2343-40F6-892C-DA6B81976D5B}"
EndProject
Global
	GlobalSection(SolutionConfigurationPlatforms) = preSolution
		Debug|Any CPU = Debug|Any CPU
		Release|Any CPU = Release|Any CPU
	EndGlobalSection
	GlobalSection(ProjectConfigurationPlatforms) = postSolution
		{AA4100C6-0078-48C5-B49B-1A44E1EF2AC7}.Debug|Any CPU.ActiveCfg = Debug|Any CPU
		{AA4100C6-0078-48C5-B49B-1A44E1EF2AC7}.Debug|Any CPU.Build.0 = Debug|Any CPU
		{AA4100C6-0078-48C5-B49B-1A44E1EF2AC7}.Release|Any CPU.ActiveCfg = Release|Any CPU
		{AA4100C6-0078-48C5-B49B-1A44E1EF2AC7}.Release|Any CPU.Build.0 = Release|Any CPU
		{4D46B283-1D35-4C87-B66E-5B7F70261213}.Debug|Any CPU.ActiveCfg = Debug|Any CPU
		{4D46B283-1D35-4C87-B66E-5B7F70261213}.Debug|Any CPU.Build.0 = Debug|Any CPU
		{4D46B283-1D35-4C87-B66E-5B7F70261213}.Release|Any CPU.ActiveCfg = Release|Any CPU
		{4D46B283-1D35-4C87-B66E-5B7F70261213}.Release|Any CPU.Build.0 = Release|Any CPU
		{FBCFFCA2-A4F2-42A4-8F28-A81CC6A9FA2A}.Debug|Any CPU.ActiveCfg = Debug|Any CPU
		{FBCFFCA2-A4F2-42A4-8F28-A81CC6A9FA2A}.Debug|Any CPU.Build.0 = Debug|Any CPU
		{FBCFFCA2-A4F2-42A4-8F28-A81CC6A9FA2A}.Release|Any CPU.ActiveCfg = Release|Any CPU
		{FBCFFCA2-A4F2-42A4-8F28-A81CC6A9FA2A}.Release|Any CPU.Build.0 = Release|Any CPU
		{9DF96BAC-7A82-4DD0-A3EF-A97A66542617}.Debug|Any CPU.ActiveCfg = Debug|Any CPU
		{9DF96BAC-7A82-4DD0-A3EF-A97A66542617}.Debug|Any CPU.Build.0 = Debug|Any CPU
		{9DF96BAC-7A82-4DD0-A3EF-A97A66542617}.Release|Any CPU.ActiveCfg = Release|Any CPU
		{9DF96BAC-7A82-4DD0-A3EF-A97A66542617}.Release|Any CPU.Build.0 = Release|Any CPU
		{EC677D91-2343-40F6-892C-DA6B81976D5B}.Debug|Any CPU.ActiveCfg = Debug|Any CPU
		{EC677D91-2343-40F6-892C-DA6B81976D5B}.Debug|Any CPU.Build.0 = Debug|Any CPU
		{EC677D91-2343-40F6-892C-DA6B81976D5B}.Release|Any CPU.ActiveCfg = Release|Any CPU
		{EC677D91-2343-40F6-892C-DA6B81976D5B}.Release|Any CPU.Build.0 = Release|Any CPU
	EndGlobalSection
	GlobalSection(SolutionProperties) = preSolution
		HideSolutionNode = FALSE
	EndGlobalSection
	GlobalSection(ExtensibilityGlobals) = postSolution
		SolutionGuid = {8DFC6C2E-0397-4717-919C-81C41E0026D8}
	EndGlobalSection
EndGlobal
